// !$*UTF8*$!
{
	archiveVersion = 1;
	classes = {
	};
	objectVersion = 55;
	objects = {

/* Begin PBXBuildFile section */
		0918A9BDF1FB927C5F608C55 /* Pods_NewsForALL.framework in Frameworks */ = {isa = PBXBuildFile; fileRef = 04C37DE52053D9DCF64AE422 /* Pods_NewsForALL.framework */; };
		AA08269B2B0FB8C300FAB84E /* GoogleService-Info.plist in Resources */ = {isa = PBXBuildFile; fileRef = AA08269A2B0FB8C300FAB84E /* GoogleService-Info.plist */; };
		AA1741BE2A44BBB10061E9B0 /* NewsWebViewController.swift in Sources */ = {isa = PBXBuildFile; fileRef = AA1741BD2A44BBB10061E9B0 /* NewsWebViewController.swift */; };
		AA21CF502AD167F300AC5055 /* NewsFeedViewModel.swift in Sources */ = {isa = PBXBuildFile; fileRef = AA21CF4F2AD167F300AC5055 /* NewsFeedViewModel.swift */; };
		AA21CF522AD1935800AC5055 /* ArticleViewModel.swift in Sources */ = {isa = PBXBuildFile; fileRef = AA21CF512AD1935800AC5055 /* ArticleViewModel.swift */; };
		AA49CFE92AA9CBF8004F3311 /* ArticleViewData.swift in Sources */ = {isa = PBXBuildFile; fileRef = AA49CFE82AA9CBF8004F3311 /* ArticleViewData.swift */; };
		AA49CFEB2AA9CC2A004F3311 /* NewsInfoViewData.swift in Sources */ = {isa = PBXBuildFile; fileRef = AA49CFEA2AA9CC2A004F3311 /* NewsInfoViewData.swift */; };
		AA50D0BF2A81577300A219B9 /* LoginViewController.swift in Sources */ = {isa = PBXBuildFile; fileRef = AA50D0BE2A81577300A219B9 /* LoginViewController.swift */; };
		AA6AACFF29F5607B001A5560 /* AppDelegate.swift in Sources */ = {isa = PBXBuildFile; fileRef = AA6AACFE29F5607B001A5560 /* AppDelegate.swift */; };
		AA6AAD0129F5607B001A5560 /* SceneDelegate.swift in Sources */ = {isa = PBXBuildFile; fileRef = AA6AAD0029F5607B001A5560 /* SceneDelegate.swift */; };
		AA6AAD0329F5607B001A5560 /* ViewController.swift in Sources */ = {isa = PBXBuildFile; fileRef = AA6AAD0229F5607B001A5560 /* ViewController.swift */; };
		AA6AAD0629F5607B001A5560 /* Main.storyboard in Resources */ = {isa = PBXBuildFile; fileRef = AA6AAD0429F5607B001A5560 /* Main.storyboard */; };
		AA6AAD0829F5607C001A5560 /* Assets.xcassets in Resources */ = {isa = PBXBuildFile; fileRef = AA6AAD0729F5607C001A5560 /* Assets.xcassets */; };
		AA6AAD1329F5674A001A5560 /* NewsTrendingViewController.swift in Sources */ = {isa = PBXBuildFile; fileRef = AA6AAD1229F5674A001A5560 /* NewsTrendingViewController.swift */; };
		AA6AAD1629F568DA001A5560 /* ArticleCell.swift in Sources */ = {isa = PBXBuildFile; fileRef = AA6AAD1529F568DA001A5560 /* ArticleCell.swift */; };
		AA6AAD1929F56A1A001A5560 /* TabButtonsView.swift in Sources */ = {isa = PBXBuildFile; fileRef = AA6AAD1829F56A1A001A5560 /* TabButtonsView.swift */; };
		AA96D3632ADEA2E200138181 /* AppDelegateHelper.swift in Sources */ = {isa = PBXBuildFile; fileRef = AA96D3622ADEA2E200138181 /* AppDelegateHelper.swift */; };
		AAA4EFCA2A69536C008C7674 /* NewsCategoriesCell.swift in Sources */ = {isa = PBXBuildFile; fileRef = AAA4EFC92A69536C008C7674 /* NewsCategoriesCell.swift */; };
		AAB010BC2AC473CC0009DA04 /* ProfileViewController.swift in Sources */ = {isa = PBXBuildFile; fileRef = AAB010BB2AC473CC0009DA04 /* ProfileViewController.swift */; };
		AAB010BE2AC584260009DA04 /* NavigationComponents.swift in Sources */ = {isa = PBXBuildFile; fileRef = AAB010BD2AC584260009DA04 /* NavigationComponents.swift */; };
		AAB63B7F2A9204AF008FEE31 /* NewsFeed.swift in Sources */ = {isa = PBXBuildFile; fileRef = AAB63B7E2A9204AF008FEE31 /* NewsFeed.swift */; };
		AAB63B812A92050B008FEE31 /* Article.swift in Sources */ = {isa = PBXBuildFile; fileRef = AAB63B802A92050B008FEE31 /* Article.swift */; };
		AAB903402A7E473D00A987FC /* LaunchScreen.storyboard in Resources */ = {isa = PBXBuildFile; fileRef = AAB9033F2A7E473D00A987FC /* LaunchScreen.storyboard */; };
		AAB903422A7E4BED00A987FC /* NewsArticlesViewController.swift in Sources */ = {isa = PBXBuildFile; fileRef = AAB903412A7E4BED00A987FC /* NewsArticlesViewController.swift */; };
		AAB903442A7E4E2E00A987FC /* NewsOfCategoryViewController.swift in Sources */ = {isa = PBXBuildFile; fileRef = AAB903432A7E4E2E00A987FC /* NewsOfCategoryViewController.swift */; };
		AADF5B0E2A83999400FD63BB /* CoreDataModel.xcdatamodeld in Sources */ = {isa = PBXBuildFile; fileRef = AADF5B0C2A83999400FD63BB /* CoreDataModel.xcdatamodeld */; };
		AAE107462AC6AF4A004846A5 /* PublishersBottomsheetController.swift in Sources */ = {isa = PBXBuildFile; fileRef = AAE107452AC6AF4A004846A5 /* PublishersBottomsheetController.swift */; };
		AAE107482AC7E0CA004846A5 /* PublishersCell.swift in Sources */ = {isa = PBXBuildFile; fileRef = AAE107472AC7E0CA004846A5 /* PublishersCell.swift */; };
		AAF436D62A65AA770075F432 /* NewsCategoriesViewController.swift in Sources */ = {isa = PBXBuildFile; fileRef = AAF436D52A65AA770075F432 /* NewsCategoriesViewController.swift */; };
/* End PBXBuildFile section */

/* Begin PBXFileReference section */
		04C37DE52053D9DCF64AE422 /* Pods_NewsForALL.framework */ = {isa = PBXFileReference; explicitFileType = wrapper.framework; includeInIndex = 0; path = Pods_NewsForALL.framework; sourceTree = BUILT_PRODUCTS_DIR; };
		5B9E22EFD2F99E3FE94D35CF /* Pods-NewsForALL.debug.xcconfig */ = {isa = PBXFileReference; includeInIndex = 1; lastKnownFileType = text.xcconfig; name = "Pods-NewsForALL.debug.xcconfig"; path = "Target Support Files/Pods-NewsForALL/Pods-NewsForALL.debug.xcconfig"; sourceTree = "<group>"; };
		AA0826992B0A747F00FAB84E /* NewsForALL.entitlements */ = {isa = PBXFileReference; lastKnownFileType = text.plist.entitlements; path = NewsForALL.entitlements; sourceTree = "<group>"; };
		AA08269A2B0FB8C300FAB84E /* GoogleService-Info.plist */ = {isa = PBXFileReference; fileEncoding = 4; lastKnownFileType = text.plist.xml; path = "GoogleService-Info.plist"; sourceTree = "<group>"; };
		AA1741BD2A44BBB10061E9B0 /* NewsWebViewController.swift */ = {isa = PBXFileReference; lastKnownFileType = sourcecode.swift; path = NewsWebViewController.swift; sourceTree = "<group>"; };
		AA21CF4F2AD167F300AC5055 /* NewsFeedViewModel.swift */ = {isa = PBXFileReference; lastKnownFileType = sourcecode.swift; path = NewsFeedViewModel.swift; sourceTree = "<group>"; };
		AA21CF512AD1935800AC5055 /* ArticleViewModel.swift */ = {isa = PBXFileReference; lastKnownFileType = sourcecode.swift; path = ArticleViewModel.swift; sourceTree = "<group>"; };
		AA49CFE82AA9CBF8004F3311 /* ArticleViewData.swift */ = {isa = PBXFileReference; lastKnownFileType = sourcecode.swift; path = ArticleViewData.swift; sourceTree = "<group>"; };
		AA49CFEA2AA9CC2A004F3311 /* NewsInfoViewData.swift */ = {isa = PBXFileReference; lastKnownFileType = sourcecode.swift; path = NewsInfoViewData.swift; sourceTree = "<group>"; };
		AA50D0BE2A81577300A219B9 /* LoginViewController.swift */ = {isa = PBXFileReference; lastKnownFileType = sourcecode.swift; path = LoginViewController.swift; sourceTree = "<group>"; };
		AA6AACFB29F5607B001A5560 /* NewsForALL.app */ = {isa = PBXFileReference; explicitFileType = wrapper.application; includeInIndex = 0; path = NewsForALL.app; sourceTree = BUILT_PRODUCTS_DIR; };
		AA6AACFE29F5607B001A5560 /* AppDelegate.swift */ = {isa = PBXFileReference; lastKnownFileType = sourcecode.swift; path = AppDelegate.swift; sourceTree = "<group>"; };
		AA6AAD0029F5607B001A5560 /* SceneDelegate.swift */ = {isa = PBXFileReference; lastKnownFileType = sourcecode.swift; path = SceneDelegate.swift; sourceTree = "<group>"; };
		AA6AAD0229F5607B001A5560 /* ViewController.swift */ = {isa = PBXFileReference; lastKnownFileType = sourcecode.swift; path = ViewController.swift; sourceTree = "<group>"; };
		AA6AAD0529F5607B001A5560 /* Base */ = {isa = PBXFileReference; lastKnownFileType = file.storyboard; name = Base; path = Base.lproj/Main.storyboard; sourceTree = "<group>"; };
		AA6AAD0729F5607C001A5560 /* Assets.xcassets */ = {isa = PBXFileReference; lastKnownFileType = folder.assetcatalog; path = Assets.xcassets; sourceTree = "<group>"; };
		AA6AAD0C29F5607C001A5560 /* Info.plist */ = {isa = PBXFileReference; lastKnownFileType = text.plist.xml; path = Info.plist; sourceTree = "<group>"; };
		AA6AAD1229F5674A001A5560 /* NewsTrendingViewController.swift */ = {isa = PBXFileReference; lastKnownFileType = sourcecode.swift; path = NewsTrendingViewController.swift; sourceTree = "<group>"; };
		AA6AAD1529F568DA001A5560 /* ArticleCell.swift */ = {isa = PBXFileReference; lastKnownFileType = sourcecode.swift; path = ArticleCell.swift; sourceTree = "<group>"; };
		AA6AAD1829F56A1A001A5560 /* TabButtonsView.swift */ = {isa = PBXFileReference; lastKnownFileType = sourcecode.swift; path = TabButtonsView.swift; sourceTree = "<group>"; };
		AA96D3622ADEA2E200138181 /* AppDelegateHelper.swift */ = {isa = PBXFileReference; lastKnownFileType = sourcecode.swift; path = AppDelegateHelper.swift; sourceTree = "<group>"; };
		AAA4EFC92A69536C008C7674 /* NewsCategoriesCell.swift */ = {isa = PBXFileReference; lastKnownFileType = sourcecode.swift; path = NewsCategoriesCell.swift; sourceTree = "<group>"; };
		AAB010BB2AC473CC0009DA04 /* ProfileViewController.swift */ = {isa = PBXFileReference; lastKnownFileType = sourcecode.swift; path = ProfileViewController.swift; sourceTree = "<group>"; };
		AAB010BD2AC584260009DA04 /* NavigationComponents.swift */ = {isa = PBXFileReference; lastKnownFileType = sourcecode.swift; path = NavigationComponents.swift; sourceTree = "<group>"; };
		AAB63B7E2A9204AF008FEE31 /* NewsFeed.swift */ = {isa = PBXFileReference; lastKnownFileType = sourcecode.swift; path = NewsFeed.swift; sourceTree = "<group>"; };
		AAB63B802A92050B008FEE31 /* Article.swift */ = {isa = PBXFileReference; lastKnownFileType = sourcecode.swift; path = Article.swift; sourceTree = "<group>"; };
		AAB9033F2A7E473D00A987FC /* LaunchScreen.storyboard */ = {isa = PBXFileReference; lastKnownFileType = file.storyboard; path = LaunchScreen.storyboard; sourceTree = "<group>"; };
		AAB903412A7E4BED00A987FC /* NewsArticlesViewController.swift */ = {isa = PBXFileReference; lastKnownFileType = sourcecode.swift; path = NewsArticlesViewController.swift; sourceTree = "<group>"; };
		AAB903432A7E4E2E00A987FC /* NewsOfCategoryViewController.swift */ = {isa = PBXFileReference; lastKnownFileType = sourcecode.swift; path = NewsOfCategoryViewController.swift; sourceTree = "<group>"; };
		AADF5B0D2A83999400FD63BB /* CoreDataModel.xcdatamodel */ = {isa = PBXFileReference; lastKnownFileType = wrapper.xcdatamodel; path = CoreDataModel.xcdatamodel; sourceTree = "<group>"; };
		AAE107452AC6AF4A004846A5 /* PublishersBottomsheetController.swift */ = {isa = PBXFileReference; lastKnownFileType = sourcecode.swift; path = PublishersBottomsheetController.swift; sourceTree = "<group>"; };
		AAE107472AC7E0CA004846A5 /* PublishersCell.swift */ = {isa = PBXFileReference; lastKnownFileType = sourcecode.swift; path = PublishersCell.swift; sourceTree = "<group>"; };
		AAF436D52A65AA770075F432 /* NewsCategoriesViewController.swift */ = {isa = PBXFileReference; lastKnownFileType = sourcecode.swift; path = NewsCategoriesViewController.swift; sourceTree = "<group>"; };
		CBE35E3A03081AA984E38AEA /* Pods-NewsForALL.release.xcconfig */ = {isa = PBXFileReference; includeInIndex = 1; lastKnownFileType = text.xcconfig; name = "Pods-NewsForALL.release.xcconfig"; path = "Target Support Files/Pods-NewsForALL/Pods-NewsForALL.release.xcconfig"; sourceTree = "<group>"; };
/* End PBXFileReference section */

/* Begin PBXFrameworksBuildPhase section */
		AA6AACF829F5607B001A5560 /* Frameworks */ = {
			isa = PBXFrameworksBuildPhase;
			buildActionMask = 2147483647;
			files = (
				0918A9BDF1FB927C5F608C55 /* Pods_NewsForALL.framework in Frameworks */,
			);
			runOnlyForDeploymentPostprocessing = 0;
		};
/* End PBXFrameworksBuildPhase section */

/* Begin PBXGroup section */
		30E176451D98AF8F30402EC9 /* Pods */ = {
			isa = PBXGroup;
			children = (
				5B9E22EFD2F99E3FE94D35CF /* Pods-NewsForALL.debug.xcconfig */,
				CBE35E3A03081AA984E38AEA /* Pods-NewsForALL.release.xcconfig */,
			);
			path = Pods;
			sourceTree = "<group>";
		};
		AA21CF4E2AD167DB00AC5055 /* ViewModel */ = {
			isa = PBXGroup;
			children = (
				AA21CF4F2AD167F300AC5055 /* NewsFeedViewModel.swift */,
				AA21CF512AD1935800AC5055 /* ArticleViewModel.swift */,
			);
			path = ViewModel;
			sourceTree = "<group>";
		};
		AA6AACF229F5607B001A5560 = {
			isa = PBXGroup;
			children = (
				AA6AACFD29F5607B001A5560 /* NewsForALL */,
				AA6AACFC29F5607B001A5560 /* Products */,
				30E176451D98AF8F30402EC9 /* Pods */,
				BFCECBBD22299DF3F2C0F6DC /* Frameworks */,
			);
			sourceTree = "<group>";
		};
		AA6AACFC29F5607B001A5560 /* Products */ = {
			isa = PBXGroup;
			children = (
				AA6AACFB29F5607B001A5560 /* NewsForALL.app */,
			);
			name = Products;
			sourceTree = "<group>";
		};
		AA6AACFD29F5607B001A5560 /* NewsForALL */ = {
			isa = PBXGroup;
			children = (
				AA0826992B0A747F00FAB84E /* NewsForALL.entitlements */,
				AA21CF4E2AD167DB00AC5055 /* ViewModel */,
				AA6AAD1A29F56A3E001A5560 /* Models */,
				AA6AAD1729F56A06001A5560 /* Views */,
				AA6AACFE29F5607B001A5560 /* AppDelegate.swift */,
				AA6AAD0029F5607B001A5560 /* SceneDelegate.swift */,
				AA6AAD0229F5607B001A5560 /* ViewController.swift */,
				AA6AAD0429F5607B001A5560 /* Main.storyboard */,
				AA6AAD0729F5607C001A5560 /* Assets.xcassets */,
				AA6AAD0C29F5607C001A5560 /* Info.plist */,
				AA08269A2B0FB8C300FAB84E /* GoogleService-Info.plist */,
				AAB9033F2A7E473D00A987FC /* LaunchScreen.storyboard */,
				AADF5B0C2A83999400FD63BB /* CoreDataModel.xcdatamodeld */,
				AA96D3622ADEA2E200138181 /* AppDelegateHelper.swift */,
			);
			path = NewsForALL;
			sourceTree = "<group>";
		};
		AA6AAD1429F568C6001A5560 /* CollectionViewCells */ = {
			isa = PBXGroup;
			children = (
				AA6AAD1529F568DA001A5560 /* ArticleCell.swift */,
				AAA4EFC92A69536C008C7674 /* NewsCategoriesCell.swift */,
				AAE107472AC7E0CA004846A5 /* PublishersCell.swift */,
			);
			path = CollectionViewCells;
			sourceTree = "<group>";
		};
		AA6AAD1729F56A06001A5560 /* Views */ = {
			isa = PBXGroup;
			children = (
				AA6AAD1429F568C6001A5560 /* CollectionViewCells */,
				AA6AAD1829F56A1A001A5560 /* TabButtonsView.swift */,
				AAB010BD2AC584260009DA04 /* NavigationComponents.swift */,
				AAC0B1AF2A80B3ED00411C0C /* ViewControllers */,
			);
			path = Views;
			sourceTree = "<group>";
		};
		AA6AAD1A29F56A3E001A5560 /* Models */ = {
			isa = PBXGroup;
			children = (
				AAB63B7D2A92048A008FEE31 /* ApiData */,
				AAB63B7C2A920476008FEE31 /* ViewData */,
			);
			path = Models;
			sourceTree = "<group>";
		};
		AAB63B7C2A920476008FEE31 /* ViewData */ = {
			isa = PBXGroup;
			children = (
				AA49CFE82AA9CBF8004F3311 /* ArticleViewData.swift */,
				AA49CFEA2AA9CC2A004F3311 /* NewsInfoViewData.swift */,
			);
			path = ViewData;
			sourceTree = "<group>";
		};
		AAB63B7D2A92048A008FEE31 /* ApiData */ = {
			isa = PBXGroup;
			children = (
				AAB63B7E2A9204AF008FEE31 /* NewsFeed.swift */,
				AAB63B802A92050B008FEE31 /* Article.swift */,
			);
			path = ApiData;
			sourceTree = "<group>";
		};
		AAC0B1AF2A80B3ED00411C0C /* ViewControllers */ = {
			isa = PBXGroup;
			children = (
				AA6AAD1229F5674A001A5560 /* NewsTrendingViewController.swift */,
				AA1741BD2A44BBB10061E9B0 /* NewsWebViewController.swift */,
				AAF436D52A65AA770075F432 /* NewsCategoriesViewController.swift */,
				AAB903412A7E4BED00A987FC /* NewsArticlesViewController.swift */,
				AAB903432A7E4E2E00A987FC /* NewsOfCategoryViewController.swift */,
				AA50D0BE2A81577300A219B9 /* LoginViewController.swift */,
				AAB010BB2AC473CC0009DA04 /* ProfileViewController.swift */,
				AAE107452AC6AF4A004846A5 /* PublishersBottomsheetController.swift */,
			);
			path = ViewControllers;
			sourceTree = "<group>";
		};
		BFCECBBD22299DF3F2C0F6DC /* Frameworks */ = {
			isa = PBXGroup;
			children = (
				04C37DE52053D9DCF64AE422 /* Pods_NewsForALL.framework */,
			);
			name = Frameworks;
			sourceTree = "<group>";
		};
/* End PBXGroup section */

/* Begin PBXNativeTarget section */
		AA6AACFA29F5607B001A5560 /* NewsForALL */ = {
			isa = PBXNativeTarget;
			buildConfigurationList = AA6AAD0F29F5607C001A5560 /* Build configuration list for PBXNativeTarget "NewsForALL" */;
			buildPhases = (
				DE68B5DFB49D72D71B985AD3 /* [CP] Check Pods Manifest.lock */,
				AA6AACF729F5607B001A5560 /* Sources */,
				AA6AACF829F5607B001A5560 /* Frameworks */,
				AA6AACF929F5607B001A5560 /* Resources */,
				958790D52E93D7BB486D70C9 /* [CP] Embed Pods Frameworks */,
			);
			buildRules = (
			);
			dependencies = (
			);
			name = NewsForALL;
			productName = NewsForALL;
			productReference = AA6AACFB29F5607B001A5560 /* NewsForALL.app */;
			productType = "com.apple.product-type.application";
		};
/* End PBXNativeTarget section */

/* Begin PBXProject section */
		AA6AACF329F5607B001A5560 /* Project object */ = {
			isa = PBXProject;
			attributes = {
				BuildIndependentTargetsInParallel = 1;
				LastSwiftUpdateCheck = 1330;
				LastUpgradeCheck = 1330;
				TargetAttributes = {
					AA6AACFA29F5607B001A5560 = {
						CreatedOnToolsVersion = 13.3.1;
					};
				};
			};
			buildConfigurationList = AA6AACF629F5607B001A5560 /* Build configuration list for PBXProject "NewsForALL" */;
			compatibilityVersion = "Xcode 13.0";
			developmentRegion = en;
			hasScannedForEncodings = 0;
			knownRegions = (
				en,
				Base,
			);
			mainGroup = AA6AACF229F5607B001A5560;
			productRefGroup = AA6AACFC29F5607B001A5560 /* Products */;
			projectDirPath = "";
			projectRoot = "";
			targets = (
				AA6AACFA29F5607B001A5560 /* NewsForALL */,
			);
		};
/* End PBXProject section */

/* Begin PBXResourcesBuildPhase section */
		AA6AACF929F5607B001A5560 /* Resources */ = {
			isa = PBXResourcesBuildPhase;
			buildActionMask = 2147483647;
			files = (
				AAB903402A7E473D00A987FC /* LaunchScreen.storyboard in Resources */,
				AA08269B2B0FB8C300FAB84E /* GoogleService-Info.plist in Resources */,
				AA6AAD0829F5607C001A5560 /* Assets.xcassets in Resources */,
				AA6AAD0629F5607B001A5560 /* Main.storyboard in Resources */,
			);
			runOnlyForDeploymentPostprocessing = 0;
		};
/* End PBXResourcesBuildPhase section */

/* Begin PBXShellScriptBuildPhase section */
		958790D52E93D7BB486D70C9 /* [CP] Embed Pods Frameworks */ = {
			isa = PBXShellScriptBuildPhase;
			buildActionMask = 2147483647;
			files = (
			);
			inputFileListPaths = (
				"${PODS_ROOT}/Target Support Files/Pods-NewsForALL/Pods-NewsForALL-frameworks-${CONFIGURATION}-input-files.xcfilelist",
			);
			name = "[CP] Embed Pods Frameworks";
			outputFileListPaths = (
				"${PODS_ROOT}/Target Support Files/Pods-NewsForALL/Pods-NewsForALL-frameworks-${CONFIGURATION}-output-files.xcfilelist",
			);
			runOnlyForDeploymentPostprocessing = 0;
			shellPath = /bin/sh;
			shellScript = "\"${PODS_ROOT}/Target Support Files/Pods-NewsForALL/Pods-NewsForALL-frameworks.sh\"\n";
			showEnvVarsInLog = 0;
		};
		DE68B5DFB49D72D71B985AD3 /* [CP] Check Pods Manifest.lock */ = {
			isa = PBXShellScriptBuildPhase;
			buildActionMask = 2147483647;
			files = (
			);
			inputFileListPaths = (
			);
			inputPaths = (
				"${PODS_PODFILE_DIR_PATH}/Podfile.lock",
				"${PODS_ROOT}/Manifest.lock",
			);
			name = "[CP] Check Pods Manifest.lock";
			outputFileListPaths = (
			);
			outputPaths = (
				"$(DERIVED_FILE_DIR)/Pods-NewsForALL-checkManifestLockResult.txt",
			);
			runOnlyForDeploymentPostprocessing = 0;
			shellPath = /bin/sh;
			shellScript = "diff \"${PODS_PODFILE_DIR_PATH}/Podfile.lock\" \"${PODS_ROOT}/Manifest.lock\" > /dev/null\nif [ $? != 0 ] ; then\n    # print error to STDERR\n    echo \"error: The sandbox is not in sync with the Podfile.lock. Run 'pod install' or update your CocoaPods installation.\" >&2\n    exit 1\nfi\n# This output is used by Xcode 'outputs' to avoid re-running this script phase.\necho \"SUCCESS\" > \"${SCRIPT_OUTPUT_FILE_0}\"\n";
			showEnvVarsInLog = 0;
		};
/* End PBXShellScriptBuildPhase section */

/* Begin PBXSourcesBuildPhase section */
		AA6AACF729F5607B001A5560 /* Sources */ = {
			isa = PBXSourcesBuildPhase;
			buildActionMask = 2147483647;
			files = (
				AA50D0BF2A81577300A219B9 /* LoginViewController.swift in Sources */,
				AA6AAD0329F5607B001A5560 /* ViewController.swift in Sources */,
				AAF436D62A65AA770075F432 /* NewsCategoriesViewController.swift in Sources */,
				AA6AAD1329F5674A001A5560 /* NewsTrendingViewController.swift in Sources */,
				AAE107482AC7E0CA004846A5 /* PublishersCell.swift in Sources */,
				AA1741BE2A44BBB10061E9B0 /* NewsWebViewController.swift in Sources */,
				AA96D3632ADEA2E200138181 /* AppDelegateHelper.swift in Sources */,
				AAB010BE2AC584260009DA04 /* NavigationComponents.swift in Sources */,
				AAB903442A7E4E2E00A987FC /* NewsOfCategoryViewController.swift in Sources */,
				AAB010BC2AC473CC0009DA04 /* ProfileViewController.swift in Sources */,
				AAB903422A7E4BED00A987FC /* NewsArticlesViewController.swift in Sources */,
				AAA4EFCA2A69536C008C7674 /* NewsCategoriesCell.swift in Sources */,
				AA6AACFF29F5607B001A5560 /* AppDelegate.swift in Sources */,
				AA6AAD1629F568DA001A5560 /* ArticleCell.swift in Sources */,
				AAB63B7F2A9204AF008FEE31 /* NewsFeed.swift in Sources */,
				AAE107462AC6AF4A004846A5 /* PublishersBottomsheetController.swift in Sources */,
				AA21CF502AD167F300AC5055 /* NewsFeedViewModel.swift in Sources */,
				AA49CFE92AA9CBF8004F3311 /* ArticleViewData.swift in Sources */,
				AA6AAD1929F56A1A001A5560 /* TabButtonsView.swift in Sources */,
				AA49CFEB2AA9CC2A004F3311 /* NewsInfoViewData.swift in Sources */,
				AA6AAD0129F5607B001A5560 /* SceneDelegate.swift in Sources */,
				AAB63B812A92050B008FEE31 /* Article.swift in Sources */,
				AADF5B0E2A83999400FD63BB /* CoreDataModel.xcdatamodeld in Sources */,
				AA21CF522AD1935800AC5055 /* ArticleViewModel.swift in Sources */,
			);
			runOnlyForDeploymentPostprocessing = 0;
		};
/* End PBXSourcesBuildPhase section */

/* Begin PBXVariantGroup section */
		AA6AAD0429F5607B001A5560 /* Main.storyboard */ = {
			isa = PBXVariantGroup;
			children = (
				AA6AAD0529F5607B001A5560 /* Base */,
			);
			name = Main.storyboard;
			sourceTree = "<group>";
		};
/* End PBXVariantGroup section */

/* Begin XCBuildConfiguration section */
		AA6AAD0D29F5607C001A5560 /* Debug */ = {
			isa = XCBuildConfiguration;
			buildSettings = {
				ALWAYS_SEARCH_USER_PATHS = NO;
				CLANG_ANALYZER_NONNULL = YES;
				CLANG_ANALYZER_NUMBER_OBJECT_CONVERSION = YES_AGGRESSIVE;
				CLANG_CXX_LANGUAGE_STANDARD = "gnu++17";
				CLANG_ENABLE_MODULES = YES;
				CLANG_ENABLE_OBJC_ARC = YES;
				CLANG_ENABLE_OBJC_WEAK = YES;
				CLANG_WARN_BLOCK_CAPTURE_AUTORELEASING = YES;
				CLANG_WARN_BOOL_CONVERSION = YES;
				CLANG_WARN_COMMA = YES;
				CLANG_WARN_CONSTANT_CONVERSION = YES;
				CLANG_WARN_DEPRECATED_OBJC_IMPLEMENTATIONS = YES;
				CLANG_WARN_DIRECT_OBJC_ISA_USAGE = YES_ERROR;
				CLANG_WARN_DOCUMENTATION_COMMENTS = YES;
				CLANG_WARN_EMPTY_BODY = YES;
				CLANG_WARN_ENUM_CONVERSION = YES;
				CLANG_WARN_INFINITE_RECURSION = YES;
				CLANG_WARN_INT_CONVERSION = YES;
				CLANG_WARN_NON_LITERAL_NULL_CONVERSION = YES;
				CLANG_WARN_OBJC_IMPLICIT_RETAIN_SELF = YES;
				CLANG_WARN_OBJC_LITERAL_CONVERSION = YES;
				CLANG_WARN_OBJC_ROOT_CLASS = YES_ERROR;
				CLANG_WARN_QUOTED_INCLUDE_IN_FRAMEWORK_HEADER = YES;
				CLANG_WARN_RANGE_LOOP_ANALYSIS = YES;
				CLANG_WARN_STRICT_PROTOTYPES = YES;
				CLANG_WARN_SUSPICIOUS_MOVE = YES;
				CLANG_WARN_UNGUARDED_AVAILABILITY = YES_AGGRESSIVE;
				CLANG_WARN_UNREACHABLE_CODE = YES;
				CLANG_WARN__DUPLICATE_METHOD_MATCH = YES;
				COPY_PHASE_STRIP = NO;
				DEBUG_INFORMATION_FORMAT = dwarf;
				ENABLE_STRICT_OBJC_MSGSEND = YES;
				ENABLE_TESTABILITY = YES;
				GCC_C_LANGUAGE_STANDARD = gnu11;
				GCC_DYNAMIC_NO_PIC = NO;
				GCC_NO_COMMON_BLOCKS = YES;
				GCC_OPTIMIZATION_LEVEL = 0;
				GCC_PREPROCESSOR_DEFINITIONS = (
					"DEBUG=1",
					"$(inherited)",
				);
				GCC_WARN_64_TO_32_BIT_CONVERSION = YES;
				GCC_WARN_ABOUT_RETURN_TYPE = YES_ERROR;
				GCC_WARN_UNDECLARED_SELECTOR = YES;
				GCC_WARN_UNINITIALIZED_AUTOS = YES_AGGRESSIVE;
				GCC_WARN_UNUSED_FUNCTION = YES;
				GCC_WARN_UNUSED_VARIABLE = YES;
				IPHONEOS_DEPLOYMENT_TARGET = 15.0;
				MTL_ENABLE_DEBUG_INFO = INCLUDE_SOURCE;
				MTL_FAST_MATH = YES;
				ONLY_ACTIVE_ARCH = YES;
				SDKROOT = iphoneos;
				SWIFT_ACTIVE_COMPILATION_CONDITIONS = DEBUG;
				SWIFT_OPTIMIZATION_LEVEL = "-Onone";
			};
			name = Debug;
		};
		AA6AAD0E29F5607C001A5560 /* Release */ = {
			isa = XCBuildConfiguration;
			buildSettings = {
				ALWAYS_SEARCH_USER_PATHS = NO;
				CLANG_ANALYZER_NONNULL = YES;
				CLANG_ANALYZER_NUMBER_OBJECT_CONVERSION = YES_AGGRESSIVE;
				CLANG_CXX_LANGUAGE_STANDARD = "gnu++17";
				CLANG_ENABLE_MODULES = YES;
				CLANG_ENABLE_OBJC_ARC = YES;
				CLANG_ENABLE_OBJC_WEAK = YES;
				CLANG_WARN_BLOCK_CAPTURE_AUTORELEASING = YES;
				CLANG_WARN_BOOL_CONVERSION = YES;
				CLANG_WARN_COMMA = YES;
				CLANG_WARN_CONSTANT_CONVERSION = YES;
				CLANG_WARN_DEPRECATED_OBJC_IMPLEMENTATIONS = YES;
				CLANG_WARN_DIRECT_OBJC_ISA_USAGE = YES_ERROR;
				CLANG_WARN_DOCUMENTATION_COMMENTS = YES;
				CLANG_WARN_EMPTY_BODY = YES;
				CLANG_WARN_ENUM_CONVERSION = YES;
				CLANG_WARN_INFINITE_RECURSION = YES;
				CLANG_WARN_INT_CONVERSION = YES;
				CLANG_WARN_NON_LITERAL_NULL_CONVERSION = YES;
				CLANG_WARN_OBJC_IMPLICIT_RETAIN_SELF = YES;
				CLANG_WARN_OBJC_LITERAL_CONVERSION = YES;
				CLANG_WARN_OBJC_ROOT_CLASS = YES_ERROR;
				CLANG_WARN_QUOTED_INCLUDE_IN_FRAMEWORK_HEADER = YES;
				CLANG_WARN_RANGE_LOOP_ANALYSIS = YES;
				CLANG_WARN_STRICT_PROTOTYPES = YES;
				CLANG_WARN_SUSPICIOUS_MOVE = YES;
				CLANG_WARN_UNGUARDED_AVAILABILITY = YES_AGGRESSIVE;
				CLANG_WARN_UNREACHABLE_CODE = YES;
				CLANG_WARN__DUPLICATE_METHOD_MATCH = YES;
				COPY_PHASE_STRIP = NO;
				DEBUG_INFORMATION_FORMAT = "dwarf-with-dsym";
				ENABLE_NS_ASSERTIONS = NO;
				ENABLE_STRICT_OBJC_MSGSEND = YES;
				GCC_C_LANGUAGE_STANDARD = gnu11;
				GCC_NO_COMMON_BLOCKS = YES;
				GCC_WARN_64_TO_32_BIT_CONVERSION = YES;
				GCC_WARN_ABOUT_RETURN_TYPE = YES_ERROR;
				GCC_WARN_UNDECLARED_SELECTOR = YES;
				GCC_WARN_UNINITIALIZED_AUTOS = YES_AGGRESSIVE;
				GCC_WARN_UNUSED_FUNCTION = YES;
				GCC_WARN_UNUSED_VARIABLE = YES;
				IPHONEOS_DEPLOYMENT_TARGET = 15.0;
				MTL_ENABLE_DEBUG_INFO = NO;
				MTL_FAST_MATH = YES;
				SDKROOT = iphoneos;
				SWIFT_COMPILATION_MODE = wholemodule;
				SWIFT_OPTIMIZATION_LEVEL = "-O";
				VALIDATE_PRODUCT = YES;
			};
			name = Release;
		};
		AA6AAD1029F5607C001A5560 /* Debug */ = {
			isa = XCBuildConfiguration;
			baseConfigurationReference = 5B9E22EFD2F99E3FE94D35CF /* Pods-NewsForALL.debug.xcconfig */;
			buildSettings = {
				ASSETCATALOG_COMPILER_APPICON_NAME = AppIcon;
				ASSETCATALOG_COMPILER_GLOBAL_ACCENT_COLOR_NAME = AccentColor;
				ASSETCATALOG_COMPILER_INCLUDE_ALL_APPICON_ASSETS = YES;
				CODE_SIGN_ENTITLEMENTS = NewsForALL/NewsForALL.entitlements;
				CODE_SIGN_STYLE = Automatic;
				CURRENT_PROJECT_VERSION = 1;
				DEVELOPMENT_TEAM = 9MHKRVU4JM;
				GENERATE_INFOPLIST_FILE = YES;
				INFOPLIST_FILE = NewsForALL/Info.plist;
				INFOPLIST_KEY_CFBundleDisplayName = "News For All";
				INFOPLIST_KEY_UIApplicationSupportsIndirectInputEvents = YES;
				INFOPLIST_KEY_UILaunchStoryboardName = LaunchScreen.storyboard;
				INFOPLIST_KEY_UIMainStoryboardFile = Main;
				INFOPLIST_KEY_UISupportedInterfaceOrientations_iPad = "UIInterfaceOrientationPortrait UIInterfaceOrientationPortraitUpsideDown UIInterfaceOrientationLandscapeLeft UIInterfaceOrientationLandscapeRight";
				INFOPLIST_KEY_UISupportedInterfaceOrientations_iPhone = "UIInterfaceOrientationPortrait UIInterfaceOrientationLandscapeLeft UIInterfaceOrientationLandscapeRight";
				IPHONEOS_DEPLOYMENT_TARGET = 15.0;
				LD_RUNPATH_SEARCH_PATHS = (
					"$(inherited)",
					"@executable_path/Frameworks",
				);
				MARKETING_VERSION = 1.0;
				PRODUCT_BUNDLE_IDENTIFIER = com.proj.NewsForALL;
				PRODUCT_NAME = "$(TARGET_NAME)";
				SWIFT_EMIT_LOC_STRINGS = YES;
				SWIFT_VERSION = 5.0;
				TARGETED_DEVICE_FAMILY = "1,2";
			};
			name = Debug;
		};
		AA6AAD1129F5607C001A5560 /* Release */ = {
			isa = XCBuildConfiguration;
			baseConfigurationReference = CBE35E3A03081AA984E38AEA /* Pods-NewsForALL.release.xcconfig */;
			buildSettings = {
				ASSETCATALOG_COMPILER_APPICON_NAME = AppIcon;
				ASSETCATALOG_COMPILER_GLOBAL_ACCENT_COLOR_NAME = AccentColor;
				ASSETCATALOG_COMPILER_INCLUDE_ALL_APPICON_ASSETS = YES;
				CODE_SIGN_ENTITLEMENTS = NewsForALL/NewsForALL.entitlements;
				CODE_SIGN_STYLE = Automatic;
				CURRENT_PROJECT_VERSION = 1;
				DEVELOPMENT_TEAM = 9MHKRVU4JM;
				GENERATE_INFOPLIST_FILE = YES;
				INFOPLIST_FILE = NewsForALL/Info.plist;
				INFOPLIST_KEY_CFBundleDisplayName = "News For All";
				INFOPLIST_KEY_UIApplicationSupportsIndirectInputEvents = YES;
				INFOPLIST_KEY_UILaunchStoryboardName = LaunchScreen.storyboard;
				INFOPLIST_KEY_UIMainStoryboardFile = Main;
				INFOPLIST_KEY_UISupportedInterfaceOrientations_iPad = "UIInterfaceOrientationPortrait UIInterfaceOrientationPortraitUpsideDown UIInterfaceOrientationLandscapeLeft UIInterfaceOrientationLandscapeRight";
				INFOPLIST_KEY_UISupportedInterfaceOrientations_iPhone = "UIInterfaceOrientationPortrait UIInterfaceOrientationLandscapeLeft UIInterfaceOrientationLandscapeRight";
				IPHONEOS_DEPLOYMENT_TARGET = 15.0;
				LD_RUNPATH_SEARCH_PATHS = (
					"$(inherited)",
					"@executable_path/Frameworks",
				);
				MARKETING_VERSION = 1.0;
				PRODUCT_BUNDLE_IDENTIFIER = com.proj.NewsForALL;
				PRODUCT_NAME = "$(TARGET_NAME)";
				SWIFT_EMIT_LOC_STRINGS = YES;
				SWIFT_VERSION = 5.0;
				TARGETED_DEVICE_FAMILY = "1,2";
			};
			name = Release;
		};
/* End XCBuildConfiguration section */

/* Begin XCConfigurationList section */
		AA6AACF629F5607B001A5560 /* Build configuration list for PBXProject "NewsForALL" */ = {
			isa = XCConfigurationList;
			buildConfigurations = (
				AA6AAD0D29F5607C001A5560 /* Debug */,
				AA6AAD0E29F5607C001A5560 /* Release */,
			);
			defaultConfigurationIsVisible = 0;
			defaultConfigurationName = Release;
		};
		AA6AAD0F29F5607C001A5560 /* Build configuration list for PBXNativeTarget "NewsForALL" */ = {
			isa = XCConfigurationList;
			buildConfigurations = (
				AA6AAD1029F5607C001A5560 /* Debug */,
				AA6AAD1129F5607C001A5560 /* Release */,
			);
			defaultConfigurationIsVisible = 0;
			defaultConfigurationName = Release;
		};
/* End XCConfigurationList section */

/* Begin XCVersionGroup section */
		AADF5B0C2A83999400FD63BB /* CoreDataModel.xcdatamodeld */ = {
			isa = XCVersionGroup;
			children = (
				AADF5B0D2A83999400FD63BB /* CoreDataModel.xcdatamodel */,
			);
			currentVersion = AADF5B0D2A83999400FD63BB /* CoreDataModel.xcdatamodel */;
			path = CoreDataModel.xcdatamodeld;
			sourceTree = "<group>";
			versionGroupType = wrapper.xcdatamodel;
		};
/* End XCVersionGroup section */
	};
	rootObject = AA6AACF329F5607B001A5560 /* Project object */;
}
