// !$*UTF8*$!
{
	archiveVersion = 1;
	classes = {
	};
	objectVersion = 55;
	objects = {

/* Begin PBXBuildFile section */
		AA1741BE2A44BBB10061E9B0 /* NewsWebViewController.swift in Sources */ = {isa = PBXBuildFile; fileRef = AA1741BD2A44BBB10061E9B0 /* NewsWebViewController.swift */; };
		AA5F07E22A1A47530019DFC9 /* NewsInfoViewData.swift in Sources */ = {isa = PBXBuildFile; fileRef = AA5F07E12A1A47530019DFC9 /* NewsInfoViewData.swift */; };
		AA6AACFF29F5607B001A5560 /* AppDelegate.swift in Sources */ = {isa = PBXBuildFile; fileRef = AA6AACFE29F5607B001A5560 /* AppDelegate.swift */; };
		AA6AAD0129F5607B001A5560 /* SceneDelegate.swift in Sources */ = {isa = PBXBuildFile; fileRef = AA6AAD0029F5607B001A5560 /* SceneDelegate.swift */; };
		AA6AAD0329F5607B001A5560 /* ViewController.swift in Sources */ = {isa = PBXBuildFile; fileRef = AA6AAD0229F5607B001A5560 /* ViewController.swift */; };
		AA6AAD0629F5607B001A5560 /* Main.storyboard in Resources */ = {isa = PBXBuildFile; fileRef = AA6AAD0429F5607B001A5560 /* Main.storyboard */; };
		AA6AAD0829F5607C001A5560 /* Assets.xcassets in Resources */ = {isa = PBXBuildFile; fileRef = AA6AAD0729F5607C001A5560 /* Assets.xcassets */; };
		AA6AAD0B29F5607C001A5560 /* LaunchScreen.storyboard in Resources */ = {isa = PBXBuildFile; fileRef = AA6AAD0929F5607C001A5560 /* LaunchScreen.storyboard */; };
		AA6AAD1329F5674A001A5560 /* NewsTrendingViewController.swift in Sources */ = {isa = PBXBuildFile; fileRef = AA6AAD1229F5674A001A5560 /* NewsTrendingViewController.swift */; };
		AA6AAD1629F568DA001A5560 /* ArticleCell.swift in Sources */ = {isa = PBXBuildFile; fileRef = AA6AAD1529F568DA001A5560 /* ArticleCell.swift */; };
		AA6AAD1929F56A1A001A5560 /* TabButtonsView.swift in Sources */ = {isa = PBXBuildFile; fileRef = AA6AAD1829F56A1A001A5560 /* TabButtonsView.swift */; };
		AA6AAD1C29F56A4B001A5560 /* ArticleViewData.swift in Sources */ = {isa = PBXBuildFile; fileRef = AA6AAD1B29F56A4B001A5560 /* ArticleViewData.swift */; };
		AAA4EFCA2A69536C008C7674 /* NewsCategoriesCell.swift in Sources */ = {isa = PBXBuildFile; fileRef = AAA4EFC92A69536C008C7674 /* NewsCategoriesCell.swift */; };
		AAB903402A7E473D00A987FC /* LaunchScreen.storyboard in Resources */ = {isa = PBXBuildFile; fileRef = AAB9033F2A7E473D00A987FC /* LaunchScreen.storyboard */; };
		AAF436D62A65AA770075F432 /* NewsCategoriesViewController.swift in Sources */ = {isa = PBXBuildFile; fileRef = AAF436D52A65AA770075F432 /* NewsCategoriesViewController.swift */; };
/* End PBXBuildFile section */

/* Begin PBXFileReference section */
		AA1741BD2A44BBB10061E9B0 /* NewsWebViewController.swift */ = {isa = PBXFileReference; lastKnownFileType = sourcecode.swift; path = NewsWebViewController.swift; sourceTree = "<group>"; };
		AA5F07E12A1A47530019DFC9 /* NewsInfoViewData.swift */ = {isa = PBXFileReference; lastKnownFileType = sourcecode.swift; path = NewsInfoViewData.swift; sourceTree = "<group>"; };
		AA6AACFB29F5607B001A5560 /* NewsForALL.app */ = {isa = PBXFileReference; explicitFileType = wrapper.application; includeInIndex = 0; path = NewsForALL.app; sourceTree = BUILT_PRODUCTS_DIR; };
		AA6AACFE29F5607B001A5560 /* AppDelegate.swift */ = {isa = PBXFileReference; lastKnownFileType = sourcecode.swift; path = AppDelegate.swift; sourceTree = "<group>"; };
		AA6AAD0029F5607B001A5560 /* SceneDelegate.swift */ = {isa = PBXFileReference; lastKnownFileType = sourcecode.swift; path = SceneDelegate.swift; sourceTree = "<group>"; };
		AA6AAD0229F5607B001A5560 /* ViewController.swift */ = {isa = PBXFileReference; lastKnownFileType = sourcecode.swift; path = ViewController.swift; sourceTree = "<group>"; };
		AA6AAD0529F5607B001A5560 /* Base */ = {isa = PBXFileReference; lastKnownFileType = file.storyboard; name = Base; path = Base.lproj/Main.storyboard; sourceTree = "<group>"; };
		AA6AAD0729F5607C001A5560 /* Assets.xcassets */ = {isa = PBXFileReference; lastKnownFileType = folder.assetcatalog; path = Assets.xcassets; sourceTree = "<group>"; };
		AA6AAD0A29F5607C001A5560 /* Base */ = {isa = PBXFileReference; lastKnownFileType = file.storyboard; name = Base; path = Base.lproj/LaunchScreen.storyboard; sourceTree = "<group>"; };
		AA6AAD0C29F5607C001A5560 /* Info.plist */ = {isa = PBXFileReference; lastKnownFileType = text.plist.xml; path = Info.plist; sourceTree = "<group>"; };
		AA6AAD1229F5674A001A5560 /* NewsTrendingViewController.swift */ = {isa = PBXFileReference; lastKnownFileType = sourcecode.swift; path = NewsTrendingViewController.swift; sourceTree = "<group>"; };
		AA6AAD1529F568DA001A5560 /* ArticleCell.swift */ = {isa = PBXFileReference; lastKnownFileType = sourcecode.swift; path = ArticleCell.swift; sourceTree = "<group>"; };
		AA6AAD1829F56A1A001A5560 /* TabButtonsView.swift */ = {isa = PBXFileReference; lastKnownFileType = sourcecode.swift; path = TabButtonsView.swift; sourceTree = "<group>"; };
		AA6AAD1B29F56A4B001A5560 /* ArticleViewData.swift */ = {isa = PBXFileReference; lastKnownFileType = sourcecode.swift; path = ArticleViewData.swift; sourceTree = "<group>"; };
		AAA4EFC92A69536C008C7674 /* NewsCategoriesCell.swift */ = {isa = PBXFileReference; lastKnownFileType = sourcecode.swift; path = NewsCategoriesCell.swift; sourceTree = "<group>"; };
		AAB9033F2A7E473D00A987FC /* LaunchScreen.storyboard */ = {isa = PBXFileReference; lastKnownFileType = file.storyboard; path = LaunchScreen.storyboard; sourceTree = "<group>"; };
		AAF436D52A65AA770075F432 /* NewsCategoriesViewController.swift */ = {isa = PBXFileReference; lastKnownFileType = sourcecode.swift; path = NewsCategoriesViewController.swift; sourceTree = "<group>"; };
/* End PBXFileReference section */

/* Begin PBXFrameworksBuildPhase section */
		AA6AACF829F5607B001A5560 /* Frameworks */ = {
			isa = PBXFrameworksBuildPhase;
			buildActionMask = 2147483647;
			files = (
			);
			runOnlyForDeploymentPostprocessing = 0;
		};
/* End PBXFrameworksBuildPhase section */

/* Begin PBXGroup section */
		AA6AACF229F5607B001A5560 = {
			isa = PBXGroup;
			children = (
				AA6AACFD29F5607B001A5560 /* NewsForALL */,
				AA6AACFC29F5607B001A5560 /* Products */,
			);
			sourceTree = "<group>";
		};
		AA6AACFC29F5607B001A5560 /* Products */ = {
			isa = PBXGroup;
			children = (
				AA6AACFB29F5607B001A5560 /* NewsForALL.app */,
			);
			name = Products;
			sourceTree = "<group>";
		};
		AA6AACFD29F5607B001A5560 /* NewsForALL */ = {
			isa = PBXGroup;
			children = (
				AA6AAD1A29F56A3E001A5560 /* ViewData */,
				AA6AAD1729F56A06001A5560 /* OtherViews */,
				AA6AAD1429F568C6001A5560 /* ArticleViews */,
				AA6AACFE29F5607B001A5560 /* AppDelegate.swift */,
				AA6AAD0029F5607B001A5560 /* SceneDelegate.swift */,
				AA6AAD0229F5607B001A5560 /* ViewController.swift */,
				AA6AAD0429F5607B001A5560 /* Main.storyboard */,
				AA6AAD0729F5607C001A5560 /* Assets.xcassets */,
				AA6AAD0929F5607C001A5560 /* LaunchScreen.storyboard */,
				AA6AAD0C29F5607C001A5560 /* Info.plist */,
				AA6AAD1229F5674A001A5560 /* NewsTrendingViewController.swift */,
				AA1741BD2A44BBB10061E9B0 /* NewsWebViewController.swift */,
				AAF436D52A65AA770075F432 /* NewsCategoriesViewController.swift */,
				AAB9033F2A7E473D00A987FC /* LaunchScreen.storyboard */,
			);
			path = NewsForALL;
			sourceTree = "<group>";
		};
		AA6AAD1429F568C6001A5560 /* ArticleViews */ = {
			isa = PBXGroup;
			children = (
				AA6AAD1529F568DA001A5560 /* ArticleCell.swift */,
				AAA4EFC92A69536C008C7674 /* NewsCategoriesCell.swift */,
			);
			path = ArticleViews;
			sourceTree = "<group>";
		};
		AA6AAD1729F56A06001A5560 /* OtherViews */ = {
			isa = PBXGroup;
			children = (
				AA6AAD1829F56A1A001A5560 /* TabButtonsView.swift */,
			);
			path = OtherViews;
			sourceTree = "<group>";
		};
		AA6AAD1A29F56A3E001A5560 /* ViewData */ = {
			isa = PBXGroup;
			children = (
				AA6AAD1B29F56A4B001A5560 /* ArticleViewData.swift */,
				AA5F07E12A1A47530019DFC9 /* NewsInfoViewData.swift */,
			);
			path = ViewData;
			sourceTree = "<group>";
		};
/* End PBXGroup section */

/* Begin PBXNativeTarget section */
		AA6AACFA29F5607B001A5560 /* NewsForALL */ = {
			isa = PBXNativeTarget;
			buildConfigurationList = AA6AAD0F29F5607C001A5560 /* Build configuration list for PBXNativeTarget "NewsForALL" */;
			buildPhases = (
				AA6AACF729F5607B001A5560 /* Sources */,
				AA6AACF829F5607B001A5560 /* Frameworks */,
				AA6AACF929F5607B001A5560 /* Resources */,
			);
			buildRules = (
			);
			dependencies = (
			);
			name = NewsForALL;
			productName = NewsForALL;
			productReference = AA6AACFB29F5607B001A5560 /* NewsForALL.app */;
			productType = "com.apple.product-type.application";
		};
/* End PBXNativeTarget section */

/* Begin PBXProject section */
		AA6AACF329F5607B001A5560 /* Project object */ = {
			isa = PBXProject;
			attributes = {
				BuildIndependentTargetsInParallel = 1;
				LastSwiftUpdateCheck = 1330;
				LastUpgradeCheck = 1330;
				TargetAttributes = {
					AA6AACFA29F5607B001A5560 = {
						CreatedOnToolsVersion = 13.3.1;
					};
				};
			};
			buildConfigurationList = AA6AACF629F5607B001A5560 /* Build configuration list for PBXProject "NewsForALL" */;
			compatibilityVersion = "Xcode 13.0";
			developmentRegion = en;
			hasScannedForEncodings = 0;
			knownRegions = (
				en,
				Base,
			);
			mainGroup = AA6AACF229F5607B001A5560;
			productRefGroup = AA6AACFC29F5607B001A5560 /* Products */;
			projectDirPath = "";
			projectRoot = "";
			targets = (
				AA6AACFA29F5607B001A5560 /* NewsForALL */,
			);
		};
/* End PBXProject section */

/* Begin PBXResourcesBuildPhase section */
		AA6AACF929F5607B001A5560 /* Resources */ = {
			isa = PBXResourcesBuildPhase;
			buildActionMask = 2147483647;
			files = (
				AA6AAD0B29F5607C001A5560 /* LaunchScreen.storyboard in Resources */,
				AAB903402A7E473D00A987FC /* LaunchScreen.storyboard in Resources */,
				AA6AAD0829F5607C001A5560 /* Assets.xcassets in Resources */,
				AA6AAD0629F5607B001A5560 /* Main.storyboard in Resources */,
			);
			runOnlyForDeploymentPostprocessing = 0;
		};
/* End PBXResourcesBuildPhase section */

/* Begin PBXSourcesBuildPhase section */
		AA6AACF729F5607B001A5560 /* Sources */ = {
			isa = PBXSourcesBuildPhase;
			buildActionMask = 2147483647;
			files = (
				AA6AAD0329F5607B001A5560 /* ViewController.swift in Sources */,
				AAF436D62A65AA770075F432 /* NewsCategoriesViewController.swift in Sources */,
				AA6AAD1329F5674A001A5560 /* NewsTrendingViewController.swift in Sources */,
				AA1741BE2A44BBB10061E9B0 /* NewsWebViewController.swift in Sources */,
				AAA4EFCA2A69536C008C7674 /* NewsCategoriesCell.swift in Sources */,
				AA6AACFF29F5607B001A5560 /* AppDelegate.swift in Sources */,
				AA6AAD1629F568DA001A5560 /* ArticleCell.swift in Sources */,
				AA6AAD1929F56A1A001A5560 /* TabButtonsView.swift in Sources */,
				AA6AAD1C29F56A4B001A5560 /* ArticleViewData.swift in Sources */,
				AA6AAD0129F5607B001A5560 /* SceneDelegate.swift in Sources */,
				AA5F07E22A1A47530019DFC9 /* NewsInfoViewData.swift in Sources */,
			);
			runOnlyForDeploymentPostprocessing = 0;
		};
/* End PBXSourcesBuildPhase section */

/* Begin PBXVariantGroup section */
		AA6AAD0429F5607B001A5560 /* Main.storyboard */ = {
			isa = PBXVariantGroup;
			children = (
				AA6AAD0529F5607B001A5560 /* Base */,
			);
			name = Main.storyboard;
			sourceTree = "<group>";
		};
		AA6AAD0929F5607C001A5560 /* LaunchScreen.storyboard */ = {
			isa = PBXVariantGroup;
			children = (
				AA6AAD0A29F5607C001A5560 /* Base */,
			);
			name = LaunchScreen.storyboard;
			sourceTree = "<group>";
		};
/* End PBXVariantGroup section */

/* Begin XCBuildConfiguration section */
		AA6AAD0D29F5607C001A5560 /* Debug */ = {
			isa = XCBuildConfiguration;
			buildSettings = {
				ALWAYS_SEARCH_USER_PATHS = NO;
				CLANG_ANALYZER_NONNULL = YES;
				CLANG_ANALYZER_NUMBER_OBJECT_CONVERSION = YES_AGGRESSIVE;
				CLANG_CXX_LANGUAGE_STANDARD = "gnu++17";
				CLANG_ENABLE_MODULES = YES;
				CLANG_ENABLE_OBJC_ARC = YES;
				CLANG_ENABLE_OBJC_WEAK = YES;
				CLANG_WARN_BLOCK_CAPTURE_AUTORELEASING = YES;
				CLANG_WARN_BOOL_CONVERSION = YES;
				CLANG_WARN_COMMA = YES;
				CLANG_WARN_CONSTANT_CONVERSION = YES;
				CLANG_WARN_DEPRECATED_OBJC_IMPLEMENTATIONS = YES;
				CLANG_WARN_DIRECT_OBJC_ISA_USAGE = YES_ERROR;
				CLANG_WARN_DOCUMENTATION_COMMENTS = YES;
				CLANG_WARN_EMPTY_BODY = YES;
				CLANG_WARN_ENUM_CONVERSION = YES;
				CLANG_WARN_INFINITE_RECURSION = YES;
				CLANG_WARN_INT_CONVERSION = YES;
				CLANG_WARN_NON_LITERAL_NULL_CONVERSION = YES;
				CLANG_WARN_OBJC_IMPLICIT_RETAIN_SELF = YES;
				CLANG_WARN_OBJC_LITERAL_CONVERSION = YES;
				CLANG_WARN_OBJC_ROOT_CLASS = YES_ERROR;
				CLANG_WARN_QUOTED_INCLUDE_IN_FRAMEWORK_HEADER = YES;
				CLANG_WARN_RANGE_LOOP_ANALYSIS = YES;
				CLANG_WARN_STRICT_PROTOTYPES = YES;
				CLANG_WARN_SUSPICIOUS_MOVE = YES;
				CLANG_WARN_UNGUARDED_AVAILABILITY = YES_AGGRESSIVE;
				CLANG_WARN_UNREACHABLE_CODE = YES;
				CLANG_WARN__DUPLICATE_METHOD_MATCH = YES;
				COPY_PHASE_STRIP = NO;
				DEBUG_INFORMATION_FORMAT = dwarf;
				ENABLE_STRICT_OBJC_MSGSEND = YES;
				ENABLE_TESTABILITY = YES;
				GCC_C_LANGUAGE_STANDARD = gnu11;
				GCC_DYNAMIC_NO_PIC = NO;
				GCC_NO_COMMON_BLOCKS = YES;
				GCC_OPTIMIZATION_LEVEL = 0;
				GCC_PREPROCESSOR_DEFINITIONS = (
					"DEBUG=1",
					"$(inherited)",
				);
				GCC_WARN_64_TO_32_BIT_CONVERSION = YES;
				GCC_WARN_ABOUT_RETURN_TYPE = YES_ERROR;
				GCC_WARN_UNDECLARED_SELECTOR = YES;
				GCC_WARN_UNINITIALIZED_AUTOS = YES_AGGRESSIVE;
				GCC_WARN_UNUSED_FUNCTION = YES;
				GCC_WARN_UNUSED_VARIABLE = YES;
				IPHONEOS_DEPLOYMENT_TARGET = 15.4;
				MTL_ENABLE_DEBUG_INFO = INCLUDE_SOURCE;
				MTL_FAST_MATH = YES;
				ONLY_ACTIVE_ARCH = YES;
				SDKROOT = iphoneos;
				SWIFT_ACTIVE_COMPILATION_CONDITIONS = DEBUG;
				SWIFT_OPTIMIZATION_LEVEL = "-Onone";
			};
			name = Debug;
		};
		AA6AAD0E29F5607C001A5560 /* Release */ = {
			isa = XCBuildConfiguration;
			buildSettings = {
				ALWAYS_SEARCH_USER_PATHS = NO;
				CLANG_ANALYZER_NONNULL = YES;
				CLANG_ANALYZER_NUMBER_OBJECT_CONVERSION = YES_AGGRESSIVE;
				CLANG_CXX_LANGUAGE_STANDARD = "gnu++17";
				CLANG_ENABLE_MODULES = YES;
				CLANG_ENABLE_OBJC_ARC = YES;
				CLANG_ENABLE_OBJC_WEAK = YES;
				CLANG_WARN_BLOCK_CAPTURE_AUTORELEASING = YES;
				CLANG_WARN_BOOL_CONVERSION = YES;
				CLANG_WARN_COMMA = YES;
				CLANG_WARN_CONSTANT_CONVERSION = YES;
				CLANG_WARN_DEPRECATED_OBJC_IMPLEMENTATIONS = YES;
				CLANG_WARN_DIRECT_OBJC_ISA_USAGE = YES_ERROR;
				CLANG_WARN_DOCUMENTATION_COMMENTS = YES;
				CLANG_WARN_EMPTY_BODY = YES;
				CLANG_WARN_ENUM_CONVERSION = YES;
				CLANG_WARN_INFINITE_RECURSION = YES;
				CLANG_WARN_INT_CONVERSION = YES;
				CLANG_WARN_NON_LITERAL_NULL_CONVERSION = YES;
				CLANG_WARN_OBJC_IMPLICIT_RETAIN_SELF = YES;
				CLANG_WARN_OBJC_LITERAL_CONVERSION = YES;
				CLANG_WARN_OBJC_ROOT_CLASS = YES_ERROR;
				CLANG_WARN_QUOTED_INCLUDE_IN_FRAMEWORK_HEADER = YES;
				CLANG_WARN_RANGE_LOOP_ANALYSIS = YES;
				CLANG_WARN_STRICT_PROTOTYPES = YES;
				CLANG_WARN_SUSPICIOUS_MOVE = YES;
				CLANG_WARN_UNGUARDED_AVAILABILITY = YES_AGGRESSIVE;
				CLANG_WARN_UNREACHABLE_CODE = YES;
				CLANG_WARN__DUPLICATE_METHOD_MATCH = YES;
				COPY_PHASE_STRIP = NO;
				DEBUG_INFORMATION_FORMAT = "dwarf-with-dsym";
				ENABLE_NS_ASSERTIONS = NO;
				ENABLE_STRICT_OBJC_MSGSEND = YES;
				GCC_C_LANGUAGE_STANDARD = gnu11;
				GCC_NO_COMMON_BLOCKS = YES;
				GCC_WARN_64_TO_32_BIT_CONVERSION = YES;
				GCC_WARN_ABOUT_RETURN_TYPE = YES_ERROR;
				GCC_WARN_UNDECLARED_SELECTOR = YES;
				GCC_WARN_UNINITIALIZED_AUTOS = YES_AGGRESSIVE;
				GCC_WARN_UNUSED_FUNCTION = YES;
				GCC_WARN_UNUSED_VARIABLE = YES;
				IPHONEOS_DEPLOYMENT_TARGET = 15.4;
				MTL_ENABLE_DEBUG_INFO = NO;
				MTL_FAST_MATH = YES;
				SDKROOT = iphoneos;
				SWIFT_COMPILATION_MODE = wholemodule;
				SWIFT_OPTIMIZATION_LEVEL = "-O";
				VALIDATE_PRODUCT = YES;
			};
			name = Release;
		};
		AA6AAD1029F5607C001A5560 /* Debug */ = {
			isa = XCBuildConfiguration;
			buildSettings = {
				ASSETCATALOG_COMPILER_APPICON_NAME = AppIcon;
				ASSETCATALOG_COMPILER_GLOBAL_ACCENT_COLOR_NAME = AccentColor;
				CODE_SIGN_STYLE = Automatic;
				CURRENT_PROJECT_VERSION = 1;
				GENERATE_INFOPLIST_FILE = YES;
				INFOPLIST_FILE = NewsForALL/Info.plist;
				INFOPLIST_KEY_UIApplicationSupportsIndirectInputEvents = YES;
				INFOPLIST_KEY_UILaunchStoryboardName = LaunchScreen.storyboard;
				INFOPLIST_KEY_UIMainStoryboardFile = Main;
				INFOPLIST_KEY_UISupportedInterfaceOrientations_iPad = "UIInterfaceOrientationPortrait UIInterfaceOrientationPortraitUpsideDown UIInterfaceOrientationLandscapeLeft UIInterfaceOrientationLandscapeRight";
				INFOPLIST_KEY_UISupportedInterfaceOrientations_iPhone = "UIInterfaceOrientationPortrait UIInterfaceOrientationLandscapeLeft UIInterfaceOrientationLandscapeRight";
				LD_RUNPATH_SEARCH_PATHS = (
					"$(inherited)",
					"@executable_path/Frameworks",
				);
				MARKETING_VERSION = 1.0;
				PRODUCT_BUNDLE_IDENTIFIER = myProject.NewsForALL;
				PRODUCT_NAME = "$(TARGET_NAME)";
				SWIFT_EMIT_LOC_STRINGS = YES;
				SWIFT_VERSION = 5.0;
				TARGETED_DEVICE_FAMILY = "1,2";
			};
			name = Debug;
		};
		AA6AAD1129F5607C001A5560 /* Release */ = {
			isa = XCBuildConfiguration;
			buildSettings = {
				ASSETCATALOG_COMPILER_APPICON_NAME = AppIcon;
				ASSETCATALOG_COMPILER_GLOBAL_ACCENT_COLOR_NAME = AccentColor;
				CODE_SIGN_STYLE = Automatic;
				CURRENT_PROJECT_VERSION = 1;
				GENERATE_INFOPLIST_FILE = YES;
				INFOPLIST_FILE = NewsForALL/Info.plist;
				INFOPLIST_KEY_UIApplicationSupportsIndirectInputEvents = YES;
				INFOPLIST_KEY_UILaunchStoryboardName = LaunchScreen.storyboard;
				INFOPLIST_KEY_UIMainStoryboardFile = Main;
				INFOPLIST_KEY_UISupportedInterfaceOrientations_iPad = "UIInterfaceOrientationPortrait UIInterfaceOrientationPortraitUpsideDown UIInterfaceOrientationLandscapeLeft UIInterfaceOrientationLandscapeRight";
				INFOPLIST_KEY_UISupportedInterfaceOrientations_iPhone = "UIInterfaceOrientationPortrait UIInterfaceOrientationLandscapeLeft UIInterfaceOrientationLandscapeRight";
				LD_RUNPATH_SEARCH_PATHS = (
					"$(inherited)",
					"@executable_path/Frameworks",
				);
				MARKETING_VERSION = 1.0;
				PRODUCT_BUNDLE_IDENTIFIER = myProject.NewsForALL;
				PRODUCT_NAME = "$(TARGET_NAME)";
				SWIFT_EMIT_LOC_STRINGS = YES;
				SWIFT_VERSION = 5.0;
				TARGETED_DEVICE_FAMILY = "1,2";
			};
			name = Release;
		};
/* End XCBuildConfiguration section */

/* Begin XCConfigurationList section */
		AA6AACF629F5607B001A5560 /* Build configuration list for PBXProject "NewsForALL" */ = {
			isa = XCConfigurationList;
			buildConfigurations = (
				AA6AAD0D29F5607C001A5560 /* Debug */,
				AA6AAD0E29F5607C001A5560 /* Release */,
			);
			defaultConfigurationIsVisible = 0;
			defaultConfigurationName = Release;
		};
		AA6AAD0F29F5607C001A5560 /* Build configuration list for PBXNativeTarget "NewsForALL" */ = {
			isa = XCConfigurationList;
			buildConfigurations = (
				AA6AAD1029F5607C001A5560 /* Debug */,
				AA6AAD1129F5607C001A5560 /* Release */,
			);
			defaultConfigurationIsVisible = 0;
			defaultConfigurationName = Release;
		};
/* End XCConfigurationList section */
	};
	rootObject = AA6AACF329F5607B001A5560 /* Project object */;
}
